
Microsoft Visual Studio Solution File, Format Version 12.00
# Visual Studio Version 17
VisualStudioVersion = 17.10.35122.118
MinimumVisualStudioVersion = 10.0.40219.1
Project("{FAE04EC0-301F-11D3-BF4B-00C04F79EFBC}") = "Assignment1", "Assignment1.csproj", "{CCFCB607-02DE-43B5-B8D1-7D400F1844CE}"
EndProject
Global
	GlobalSection(SolutionConfigurationPlatforms) = preSolution
		Debug|Any CPU = Debug|Any CPU
		Release|Any CPU = Release|Any CPU
	EndGlobalSection
	GlobalSection(ProjectConfigurationPlatforms) = postSolution
		{CCFCB607-02DE-43B5-B8D1-7D400F1844CE}.Debug|Any CPU.ActiveCfg = Debug|Any CPU
		{CCFCB607-02DE-43B5-B8D1-7D400F1844CE}.Debug|Any CPU.Build.0 = Debug|Any CPU
		{CCFCB607-02DE-43B5-B8D1-7D400F1844CE}.Release|Any CPU.ActiveCfg = Release|Any CPU
		{CCFCB607-02DE-43B5-B8D1-7D400F1844CE}.Release|Any CPU.Build.0 = Release|Any CPU
	EndGlobalSection
	GlobalSection(SolutionProperties) = preSolution
		HideSolutionNode = FALSE
	EndGlobalSection
	GlobalSection(ExtensibilityGlobals) = postSolution
		SolutionGuid = {2633589C-6C7C-484F-B91B-17B2767A7B99}
	EndGlobalSection
EndGlobal
